
Microsoft Visual Studio Solution File, Format Version 12.00
# Visual Studio Version 17
VisualStudioVersion = 17.2.32630.192
MinimumVisualStudioVersion = 10.0.40219.1
Project("{F184B08F-C81C-45F6-A57F-5ABD9991F28F}") = "Bounce Pong", "Bounce Pong\Bounce Pong.vbproj", "{C24F83B9-DFEC-4ED7-B0A1-158949E1DB9D}"
EndProject
Global
	GlobalSection(SolutionConfigurationPlatforms) = preSolution
		Debug|Any CPU = Debug|Any CPU
		Release|Any CPU = Release|Any CPU
	EndGlobalSection
	GlobalSection(ProjectConfigurationPlatforms) = postSolution
		{C24F83B9-DFEC-4ED7-B0A1-158949E1DB9D}.Debug|Any CPU.ActiveCfg = Debug|Any CPU
		{C24F83B9-DFEC-4ED7-B0A1-158949E1DB9D}.Debug|Any CPU.Build.0 = Debug|Any CPU
		{C24F83B9-DFEC-4ED7-B0A1-158949E1DB9D}.Release|Any CPU.ActiveCfg = Release|Any CPU
		{C24F83B9-DFEC-4ED7-B0A1-158949E1DB9D}.Release|Any CPU.Build.0 = Release|Any CPU
	EndGlobalSection
	GlobalSection(SolutionProperties) = preSolution
		HideSolutionNode = FALSE
	EndGlobalSection
	GlobalSection(ExtensibilityGlobals) = postSolution
		SolutionGuid = {EF41E6F9-E839-4238-915D-75859E9E69F1}
	EndGlobalSection
EndGlobal
