
Microsoft Visual Studio Solution File, Format Version 12.00
# Visual Studio Version 17
VisualStudioVersion = 17.2.32630.192
MinimumVisualStudioVersion = 10.0.40219.1
Project("{F184B08F-C81C-45F6-A57F-5ABD9991F28F}") = "windows app 1", "windows app 1\windows app 1.vbproj", "{922CD551-E663-4268-AC71-6383A5405DBC}"
EndProject
Global
	GlobalSection(SolutionConfigurationPlatforms) = preSolution
		Debug|Any CPU = Debug|Any CPU
		Release|Any CPU = Release|Any CPU
	EndGlobalSection
	GlobalSection(ProjectConfigurationPlatforms) = postSolution
		{922CD551-E663-4268-AC71-6383A5405DBC}.Debug|Any CPU.ActiveCfg = Debug|Any CPU
		{922CD551-E663-4268-AC71-6383A5405DBC}.Debug|Any CPU.Build.0 = Debug|Any CPU
		{922CD551-E663-4268-AC71-6383A5405DBC}.Release|Any CPU.ActiveCfg = Release|Any CPU
		{922CD551-E663-4268-AC71-6383A5405DBC}.Release|Any CPU.Build.0 = Release|Any CPU
	EndGlobalSection
	GlobalSection(SolutionProperties) = preSolution
		HideSolutionNode = FALSE
	EndGlobalSection
	GlobalSection(ExtensibilityGlobals) = postSolution
		SolutionGuid = {33E84130-1FAD-4EE6-9307-88F836495C9A}
	EndGlobalSection
EndGlobal
